
Microsoft Visual Studio Solution File, Format Version 12.00
# Visual Studio 2013
VisualStudioVersion = 12.0.21005.1
MinimumVisualStudioVersion = 10.0.40219.1
Project("{E24C65DC-7377-472B-9ABA-BC803B73C61A}") = "SdNew_30.12.20", "http://localhost:1917", "{F08F26AC-F072-4B55-83B5-4D53659F0800}"
	ProjectSection(WebsiteProperties) = preProject
		UseIISExpress = "true"
		TargetFrameworkMoniker = ".NETFramework,Version%3Dv4.5"
		Debug.AspNetCompiler.VirtualPath = "/localhost_1917"
		Debug.AspNetCompiler.PhysicalPath = "..\..\..\..\Downloads\SdNew_30.12.20\SdNew_30.12.20\"
		Debug.AspNetCompiler.TargetPath = "PrecompiledWeb\localhost_1917\"
		Debug.AspNetCompiler.Updateable = "true"
		Debug.AspNetCompiler.ForceOverwrite = "true"
		Debug.AspNetCompiler.FixedNames = "false"
		Debug.AspNetCompiler.Debug = "True"
		Release.AspNetCompiler.VirtualPath = "/localhost_1917"
		Release.AspNetCompiler.PhysicalPath = "..\..\..\..\Downloads\SdNew_30.12.20\SdNew_30.12.20\"
		Release.AspNetCompiler.TargetPath = "PrecompiledWeb\localhost_1917\"
		Release.AspNetCompiler.Updateable = "true"
		Release.AspNetCompiler.ForceOverwrite = "true"
		Release.AspNetCompiler.FixedNames = "false"
		Release.AspNetCompiler.Debug = "False"
		SlnRelativePath = "..\..\..\..\Downloads\SdNew_30.12.20\SdNew_30.12.20\"
	EndProjectSection
EndProject
Global
	GlobalSection(SolutionConfigurationPlatforms) = preSolution
		Debug|Any CPU = Debug|Any CPU
	EndGlobalSection
	GlobalSection(ProjectConfigurationPlatforms) = postSolution
		{F08F26AC-F072-4B55-83B5-4D53659F0800}.Debug|Any CPU.ActiveCfg = Debug|Any CPU
		{F08F26AC-F072-4B55-83B5-4D53659F0800}.Debug|Any CPU.Build.0 = Debug|Any CPU
	EndGlobalSection
	GlobalSection(SolutionProperties) = preSolution
		HideSolutionNode = FALSE
	EndGlobalSection
EndGlobal
